// !$*UTF8*$!
{
	archiveVersion = 1;
	classes = {
	};
	objectVersion = 50;
	objects = {

/* Begin PBXBuildFile section */
		181E4DF82692043B003F8875 /* CustomCell.swift in Sources */ = {isa = PBXBuildFile; fileRef = 181E4DF72692043B003F8875 /* CustomCell.swift */; };
		181E4DFE2692067A003F8875 /* NewNoteVC.swift in Sources */ = {isa = PBXBuildFile; fileRef = 181E4DFD2692067A003F8875 /* NewNoteVC.swift */; };
		182D2ADB2691AFE70019702A /* AppDelegate.swift in Sources */ = {isa = PBXBuildFile; fileRef = 182D2ADA2691AFE70019702A /* AppDelegate.swift */; };
		182D2ADD2691AFE70019702A /* ViewController.swift in Sources */ = {isa = PBXBuildFile; fileRef = 182D2ADC2691AFE70019702A /* ViewController.swift */; };
		182D2AE02691AFE70019702A /* Main.storyboard in Resources */ = {isa = PBXBuildFile; fileRef = 182D2ADE2691AFE70019702A /* Main.storyboard */; };
		182D2AE22691AFE90019702A /* Assets.xcassets in Resources */ = {isa = PBXBuildFile; fileRef = 182D2AE12691AFE90019702A /* Assets.xcassets */; };
		182D2AE52691AFE90019702A /* LaunchScreen.storyboard in Resources */ = {isa = PBXBuildFile; fileRef = 182D2AE32691AFE90019702A /* LaunchScreen.storyboard */; };
		1897C29F2691E5CA00219284 /* HomeVC.swift in Sources */ = {isa = PBXBuildFile; fileRef = 1897C29E2691E5CA00219284 /* HomeVC.swift */; };
		18D5DAE72691D6DE00661DE6 /* extension.swift in Sources */ = {isa = PBXBuildFile; fileRef = 18D5DAE62691D6DE00661DE6 /* extension.swift */; };
/* End PBXBuildFile section */

/* Begin PBXFileReference section */
		181E4DF72692043B003F8875 /* CustomCell.swift */ = {isa = PBXFileReference; lastKnownFileType = sourcecode.swift; path = CustomCell.swift; sourceTree = "<group>"; };
		181E4DFD2692067A003F8875 /* NewNoteVC.swift */ = {isa = PBXFileReference; lastKnownFileType = sourcecode.swift; path = NewNoteVC.swift; sourceTree = "<group>"; };
		182D2AD72691AFE70019702A /* NotesApp.app */ = {isa = PBXFileReference; explicitFileType = wrapper.application; includeInIndex = 0; path = NotesApp.app; sourceTree = BUILT_PRODUCTS_DIR; };
		182D2ADA2691AFE70019702A /* AppDelegate.swift */ = {isa = PBXFileReference; lastKnownFileType = sourcecode.swift; path = AppDelegate.swift; sourceTree = "<group>"; };
		182D2ADC2691AFE70019702A /* ViewController.swift */ = {isa = PBXFileReference; lastKnownFileType = sourcecode.swift; path = ViewController.swift; sourceTree = "<group>"; };
		182D2ADF2691AFE70019702A /* Base */ = {isa = PBXFileReference; lastKnownFileType = file.storyboard; name = Base; path = Base.lproj/Main.storyboard; sourceTree = "<group>"; };
		182D2AE12691AFE90019702A /* Assets.xcassets */ = {isa = PBXFileReference; lastKnownFileType = folder.assetcatalog; path = Assets.xcassets; sourceTree = "<group>"; };
		182D2AE42691AFE90019702A /* Base */ = {isa = PBXFileReference; lastKnownFileType = file.storyboard; name = Base; path = Base.lproj/LaunchScreen.storyboard; sourceTree = "<group>"; };
		182D2AE62691AFE90019702A /* Info.plist */ = {isa = PBXFileReference; lastKnownFileType = text.plist.xml; path = Info.plist; sourceTree = "<group>"; };
		1897C29E2691E5CA00219284 /* HomeVC.swift */ = {isa = PBXFileReference; lastKnownFileType = sourcecode.swift; path = HomeVC.swift; sourceTree = "<group>"; };
		18D5DAE62691D6DE00661DE6 /* extension.swift */ = {isa = PBXFileReference; lastKnownFileType = sourcecode.swift; path = extension.swift; sourceTree = "<group>"; };
/* End PBXFileReference section */

/* Begin PBXFrameworksBuildPhase section */
		182D2AD42691AFE70019702A /* Frameworks */ = {
			isa = PBXFrameworksBuildPhase;
			buildActionMask = 2147483647;
			files = (
			);
			runOnlyForDeploymentPostprocessing = 0;
		};
/* End PBXFrameworksBuildPhase section */

/* Begin PBXGroup section */
		182D2ACE2691AFE70019702A = {
			isa = PBXGroup;
			children = (
				182D2AD92691AFE70019702A /* NotesApp */,
				182D2AD82691AFE70019702A /* Products */,
			);
			sourceTree = "<group>";
		};
		182D2AD82691AFE70019702A /* Products */ = {
			isa = PBXGroup;
			children = (
				182D2AD72691AFE70019702A /* NotesApp.app */,
			);
			name = Products;
			sourceTree = "<group>";
		};
		182D2AD92691AFE70019702A /* NotesApp */ = {
			isa = PBXGroup;
			children = (
				182D2ADA2691AFE70019702A /* AppDelegate.swift */,
				182D2ADC2691AFE70019702A /* ViewController.swift */,
				18D5DAE62691D6DE00661DE6 /* extension.swift */,
				181E4DF72692043B003F8875 /* CustomCell.swift */,
				182D2ADE2691AFE70019702A /* Main.storyboard */,
				1897C29E2691E5CA00219284 /* HomeVC.swift */,
				181E4DFD2692067A003F8875 /* NewNoteVC.swift */,
				182D2AE12691AFE90019702A /* Assets.xcassets */,
				182D2AE32691AFE90019702A /* LaunchScreen.storyboard */,
				182D2AE62691AFE90019702A /* Info.plist */,
			);
			path = NotesApp;
			sourceTree = "<group>";
		};
/* End PBXGroup section */

/* Begin PBXNativeTarget section */
		182D2AD62691AFE70019702A /* NotesApp */ = {
			isa = PBXNativeTarget;
			buildConfigurationList = 182D2AE92691AFE90019702A /* Build configuration list for PBXNativeTarget "NotesApp" */;
			buildPhases = (
				182D2AD32691AFE70019702A /* Sources */,
				182D2AD42691AFE70019702A /* Frameworks */,
				182D2AD52691AFE70019702A /* Resources */,
			);
			buildRules = (
			);
			dependencies = (
			);
			name = NotesApp;
			productName = NotesApp;
			productReference = 182D2AD72691AFE70019702A /* NotesApp.app */;
			productType = "com.apple.product-type.application";
		};
/* End PBXNativeTarget section */

/* Begin PBXProject section */
		182D2ACF2691AFE70019702A /* Project object */ = {
			isa = PBXProject;
			attributes = {
				LastSwiftUpdateCheck = 1000;
				LastUpgradeCheck = 1000;
				ORGANIZATIONNAME = Nikunj;
				TargetAttributes = {
					182D2AD62691AFE70019702A = {
						CreatedOnToolsVersion = 10.0;
					};
				};
			};
			buildConfigurationList = 182D2AD22691AFE70019702A /* Build configuration list for PBXProject "NotesApp" */;
			compatibilityVersion = "Xcode 9.3";
			developmentRegion = en;
			hasScannedForEncodings = 0;
			knownRegions = (
				en,
				Base,
			);
			mainGroup = 182D2ACE2691AFE70019702A;
			productRefGroup = 182D2AD82691AFE70019702A /* Products */;
			projectDirPath = "";
			projectRoot = "";
			targets = (
				182D2AD62691AFE70019702A /* NotesApp */,
			);
		};
/* End PBXProject section */

/* Begin PBXResourcesBuildPhase section */
		182D2AD52691AFE70019702A /* Resources */ = {
			isa = PBXResourcesBuildPhase;
			buildActionMask = 2147483647;
			files = (
				182D2AE52691AFE90019702A /* LaunchScreen.storyboard in Resources */,
				182D2AE22691AFE90019702A /* Assets.xcassets in Resources */,
				182D2AE02691AFE70019702A /* Main.storyboard in Resources */,
			);
			runOnlyForDeploymentPostprocessing = 0;
		};
/* End PBXResourcesBuildPhase section */

/* Begin PBXSourcesBuildPhase section */
		182D2AD32691AFE70019702A /* Sources */ = {
			isa = PBXSourcesBuildPhase;
			buildActionMask = 2147483647;
			files = (
				18D5DAE72691D6DE00661DE6 /* extension.swift in Sources */,
				1897C29F2691E5CA00219284 /* HomeVC.swift in Sources */,
				182D2ADD2691AFE70019702A /* ViewController.swift in Sources */,
				181E4DFE2692067A003F8875 /* NewNoteVC.swift in Sources */,
				181E4DF82692043B003F8875 /* CustomCell.swift in Sources */,
				182D2ADB2691AFE70019702A /* AppDelegate.swift in Sources */,
			);
			runOnlyForDeploymentPostprocessing = 0;
		};
/* End PBXSourcesBuildPhase section */

/* Begin PBXVariantGroup section */
		182D2ADE2691AFE70019702A /* Main.storyboard */ = {
			isa = PBXVariantGroup;
			children = (
				182D2ADF2691AFE70019702A /* Base */,
			);
			name = Main.storyboard;
			sourceTree = "<group>";
		};
		182D2AE32691AFE90019702A /* LaunchScreen.storyboard */ = {
			isa = PBXVariantGroup;
			children = (
				182D2AE42691AFE90019702A /* Base */,
			);
			name = LaunchScreen.storyboard;
			sourceTree = "<group>";
		};
/* End PBXVariantGroup section */

/* Begin XCBuildConfiguration section */
		182D2AE72691AFE90019702A /* Debug */ = {
			isa = XCBuildConfiguration;
			buildSettings = {
				ALWAYS_SEARCH_USER_PATHS = NO;
				CLANG_ANALYZER_NONNULL = YES;
				CLANG_ANALYZER_NUMBER_OBJECT_CONVERSION = YES_AGGRESSIVE;
				CLANG_CXX_LANGUAGE_STANDARD = "gnu++14";
				CLANG_CXX_LIBRARY = "libc++";
				CLANG_ENABLE_MODULES = YES;
				CLANG_ENABLE_OBJC_ARC = YES;
				CLANG_ENABLE_OBJC_WEAK = YES;
				CLANG_WARN_BLOCK_CAPTURE_AUTORELEASING = YES;
				CLANG_WARN_BOOL_CONVERSION = YES;
				CLANG_WARN_COMMA = YES;
				CLANG_WARN_CONSTANT_CONVERSION = YES;
				CLANG_WARN_DEPRECATED_OBJC_IMPLEMENTATIONS = YES;
				CLANG_WARN_DIRECT_OBJC_ISA_USAGE = YES_ERROR;
				CLANG_WARN_DOCUMENTATION_COMMENTS = YES;
				CLANG_WARN_EMPTY_BODY = YES;
				CLANG_WARN_ENUM_CONVERSION = YES;
				CLANG_WARN_INFINITE_RECURSION = YES;
				CLANG_WARN_INT_CONVERSION = YES;
				CLANG_WARN_NON_LITERAL_NULL_CONVERSION = YES;
				CLANG_WARN_OBJC_IMPLICIT_RETAIN_SELF = YES;
				CLANG_WARN_OBJC_LITERAL_CONVERSION = YES;
				CLANG_WARN_OBJC_ROOT_CLASS = YES_ERROR;
				CLANG_WARN_RANGE_LOOP_ANALYSIS = YES;
				CLANG_WARN_STRICT_PROTOTYPES = YES;
				CLANG_WARN_SUSPICIOUS_MOVE = YES;
				CLANG_WARN_UNGUARDED_AVAILABILITY = YES_AGGRESSIVE;
				CLANG_WARN_UNREACHABLE_CODE = YES;
				CLANG_WARN__DUPLICATE_METHOD_MATCH = YES;
				CODE_SIGN_IDENTITY = "iPhone Developer";
				COPY_PHASE_STRIP = NO;
				DEBUG_INFORMATION_FORMAT = dwarf;
				ENABLE_STRICT_OBJC_MSGSEND = YES;
				ENABLE_TESTABILITY = YES;
				GCC_C_LANGUAGE_STANDARD = gnu11;
				GCC_DYNAMIC_NO_PIC = NO;
				GCC_NO_COMMON_BLOCKS = YES;
				GCC_OPTIMIZATION_LEVEL = 0;
				GCC_PREPROCESSOR_DEFINITIONS = (
					"DEBUG=1",
					"$(inherited)",
				);
				GCC_WARN_64_TO_32_BIT_CONVERSION = YES;
				GCC_WARN_ABOUT_RETURN_TYPE = YES_ERROR;
				GCC_WARN_UNDECLARED_SELECTOR = YES;
				GCC_WARN_UNINITIALIZED_AUTOS = YES_AGGRESSIVE;
				GCC_WARN_UNUSED_FUNCTION = YES;
				GCC_WARN_UNUSED_VARIABLE = YES;
				IPHONEOS_DEPLOYMENT_TARGET = 12.0;
				MTL_ENABLE_DEBUG_INFO = INCLUDE_SOURCE;
				MTL_FAST_MATH = YES;
				ONLY_ACTIVE_ARCH = YES;
				SDKROOT = iphoneos;
				SWIFT_ACTIVE_COMPILATION_CONDITIONS = DEBUG;
				SWIFT_OPTIMIZATION_LEVEL = "-Onone";
			};
			name = Debug;
		};
		182D2AE82691AFE90019702A /* Release */ = {
			isa = XCBuildConfiguration;
			buildSettings = {
				ALWAYS_SEARCH_USER_PATHS = NO;
				CLANG_ANALYZER_NONNULL = YES;
				CLANG_ANALYZER_NUMBER_OBJECT_CONVERSION = YES_AGGRESSIVE;
				CLANG_CXX_LANGUAGE_STANDARD = "gnu++14";
				CLANG_CXX_LIBRARY = "libc++";
				CLANG_ENABLE_MODULES = YES;
				CLANG_ENABLE_OBJC_ARC = YES;
				CLANG_ENABLE_OBJC_WEAK = YES;
				CLANG_WARN_BLOCK_CAPTURE_AUTORELEASING = YES;
				CLANG_WARN_BOOL_CONVERSION = YES;
				CLANG_WARN_COMMA = YES;
				CLANG_WARN_CONSTANT_CONVERSION = YES;
				CLANG_WARN_DEPRECATED_OBJC_IMPLEMENTATIONS = YES;
				CLANG_WARN_DIRECT_OBJC_ISA_USAGE = YES_ERROR;
				CLANG_WARN_DOCUMENTATION_COMMENTS = YES;
				CLANG_WARN_EMPTY_BODY = YES;
				CLANG_WARN_ENUM_CONVERSION = YES;
				CLANG_WARN_INFINITE_RECURSION = YES;
				CLANG_WARN_INT_CONVERSION = YES;
				CLANG_WARN_NON_LITERAL_NULL_CONVERSION = YES;
				CLANG_WARN_OBJC_IMPLICIT_RETAIN_SELF = YES;
				CLANG_WARN_OBJC_LITERAL_CONVERSION = YES;
				CLANG_WARN_OBJC_ROOT_CLASS = YES_ERROR;
				CLANG_WARN_RANGE_LOOP_ANALYSIS = YES;
				CLANG_WARN_STRICT_PROTOTYPES = YES;
				CLANG_WARN_SUSPICIOUS_MOVE = YES;
				CLANG_WARN_UNGUARDED_AVAILABILITY = YES_AGGRESSIVE;
				CLANG_WARN_UNREACHABLE_CODE = YES;
				CLANG_WARN__DUPLICATE_METHOD_MATCH = YES;
				CODE_SIGN_IDENTITY = "iPhone Developer";
				COPY_PHASE_STRIP = NO;
				DEBUG_INFORMATION_FORMAT = "dwarf-with-dsym";
				ENABLE_NS_ASSERTIONS = NO;
				ENABLE_STRICT_OBJC_MSGSEND = YES;
				GCC_C_LANGUAGE_STANDARD = gnu11;
				GCC_NO_COMMON_BLOCKS = YES;
				GCC_WARN_64_TO_32_BIT_CONVERSION = YES;
				GCC_WARN_ABOUT_RETURN_TYPE = YES_ERROR;
				GCC_WARN_UNDECLARED_SELECTOR = YES;
				GCC_WARN_UNINITIALIZED_AUTOS = YES_AGGRESSIVE;
				GCC_WARN_UNUSED_FUNCTION = YES;
				GCC_WARN_UNUSED_VARIABLE = YES;
				IPHONEOS_DEPLOYMENT_TARGET = 12.0;
				MTL_ENABLE_DEBUG_INFO = NO;
				MTL_FAST_MATH = YES;
				SDKROOT = iphoneos;
				SWIFT_COMPILATION_MODE = wholemodule;
				SWIFT_OPTIMIZATION_LEVEL = "-O";
				VALIDATE_PRODUCT = YES;
			};
			name = Release;
		};
		182D2AEA2691AFE90019702A /* Debug */ = {
			isa = XCBuildConfiguration;
			buildSettings = {
				ASSETCATALOG_COMPILER_APPICON_NAME = AppIcon;
				CODE_SIGN_STYLE = Automatic;
				INFOPLIST_FILE = NotesApp/Info.plist;
				LD_RUNPATH_SEARCH_PATHS = (
					"$(inherited)",
					"@executable_path/Frameworks",
				);
				PRODUCT_BUNDLE_IDENTIFIER = NotesApp.NotesApp;
				PRODUCT_NAME = "$(TARGET_NAME)";
				SWIFT_VERSION = 4.2;
				TARGETED_DEVICE_FAMILY = "1,2";
			};
			name = Debug;
		};
		182D2AEB2691AFE90019702A /* Release */ = {
			isa = XCBuildConfiguration;
			buildSettings = {
				ASSETCATALOG_COMPILER_APPICON_NAME = AppIcon;
				CODE_SIGN_STYLE = Automatic;
				INFOPLIST_FILE = NotesApp/Info.plist;
				LD_RUNPATH_SEARCH_PATHS = (
					"$(inherited)",
					"@executable_path/Frameworks",
				);
				PRODUCT_BUNDLE_IDENTIFIER = NotesApp.NotesApp;
				PRODUCT_NAME = "$(TARGET_NAME)";
				SWIFT_VERSION = 4.2;
				TARGETED_DEVICE_FAMILY = "1,2";
			};
			name = Release;
		};
/* End XCBuildConfiguration section */

/* Begin XCConfigurationList section */
		182D2AD22691AFE70019702A /* Build configuration list for PBXProject "NotesApp" */ = {
			isa = XCConfigurationList;
			buildConfigurations = (
				182D2AE72691AFE90019702A /* Debug */,
				182D2AE82691AFE90019702A /* Release */,
			);
			defaultConfigurationIsVisible = 0;
			defaultConfigurationName = Release;
		};
		182D2AE92691AFE90019702A /* Build configuration list for PBXNativeTarget "NotesApp" */ = {
			isa = XCConfigurationList;
			buildConfigurations = (
				182D2AEA2691AFE90019702A /* Debug */,
				182D2AEB2691AFE90019702A /* Release */,
			);
			defaultConfigurationIsVisible = 0;
			defaultConfigurationName = Release;
		};
/* End XCConfigurationList section */
	};
	rootObject = 182D2ACF2691AFE70019702A /* Project object */;
}
